// !$*UTF8*$!
{
	archiveVersion = 1;
	classes = {
	};
	objectVersion = 55;
	objects = {

/* Begin PBXBuildFile section */
		B60DF9D627D4F9A2006627A4 /* NightShiftFormMainView.swift in Sources */ = {isa = PBXBuildFile; fileRef = B60DF9D527D4F9A2006627A4 /* NightShiftFormMainView.swift */; };
		B60DF9D927D50056006627A4 /* NavigationFromMainView.swift in Sources */ = {isa = PBXBuildFile; fileRef = B60DF9D827D50056006627A4 /* NavigationFromMainView.swift */; };
		B626309E27C66C77005D9F12 /* WeatherMainView.swift in Sources */ = {isa = PBXBuildFile; fileRef = B626309D27C66C77005D9F12 /* WeatherMainView.swift */; };
		B62630A127C66CDE005D9F12 /* Weather.swift in Sources */ = {isa = PBXBuildFile; fileRef = B62630A027C66CDE005D9F12 /* Weather.swift */; };
		B62630A427C66DB4005D9F12 /* WeatherService.swift in Sources */ = {isa = PBXBuildFile; fileRef = B62630A327C66DB4005D9F12 /* WeatherService.swift */; };
		B62630A727C6702E005D9F12 /* WeatherViewModel.swift in Sources */ = {isa = PBXBuildFile; fileRef = B62630A627C6702E005D9F12 /* WeatherViewModel.swift */; };
		B62A9EAC27C7B0A000A583FD /* CoffeeOrderingAppMainView.swift in Sources */ = {isa = PBXBuildFile; fileRef = B62A9EAB27C7B0A000A583FD /* CoffeeOrderingAppMainView.swift */; };
		B62A9EAE27C7B0BB00A583FD /* Coffee.swift in Sources */ = {isa = PBXBuildFile; fileRef = B62A9EAD27C7B0BB00A583FD /* Coffee.swift */; };
		B62A9EB027C7BA2700A583FD /* Order.swift in Sources */ = {isa = PBXBuildFile; fileRef = B62A9EAF27C7BA2700A583FD /* Order.swift */; };
		B62A9EB327C7BAF400A583FD /* WebService.swift in Sources */ = {isa = PBXBuildFile; fileRef = B62A9EB227C7BAF400A583FD /* WebService.swift */; };
		B62A9EB627C7BDC500A583FD /* OrderListViewModel.swift in Sources */ = {isa = PBXBuildFile; fileRef = B62A9EB527C7BDC500A583FD /* OrderListViewModel.swift */; };
		B62F4F1127CE50E900B40146 /* DishCell.swift in Sources */ = {isa = PBXBuildFile; fileRef = B62F4F1027CE50E900B40146 /* DishCell.swift */; };
		B644691127D27580009E4DF1 /* GestureMainView.swift in Sources */ = {isa = PBXBuildFile; fileRef = B644691027D27580009E4DF1 /* GestureMainView.swift */; };
		B644691327D2759F009E4DF1 /* Card.swift in Sources */ = {isa = PBXBuildFile; fileRef = B644691227D2759F009E4DF1 /* Card.swift */; };
		B65267EA27C26CD10030B13B /* Grid.swift in Sources */ = {isa = PBXBuildFile; fileRef = B65267E927C26CD10030B13B /* Grid.swift */; };
		B65267ED27C26F1A0030B13B /* Array+Extension.swift in Sources */ = {isa = PBXBuildFile; fileRef = B65267EC27C26F1A0030B13B /* Array+Extension.swift */; };
		B69E5A3A27C0CEF100D3F026 /* Hike.swift in Sources */ = {isa = PBXBuildFile; fileRef = B69E5A3927C0CEF100D3F026 /* Hike.swift */; };
		B69E5A3D27C0D26700D3F026 /* MainView.swift in Sources */ = {isa = PBXBuildFile; fileRef = B69E5A3C27C0D26700D3F026 /* MainView.swift */; };
		B6A07F3327C2634300DA554D /* HikeDetail.swift in Sources */ = {isa = PBXBuildFile; fileRef = B6A07F3227C2634300DA554D /* HikeDetail.swift */; };
		B6AB93D427C3C8EF0066A607 /* Dish.swift in Sources */ = {isa = PBXBuildFile; fileRef = B6AB93D327C3C8EF0066A607 /* Dish.swift */; };
		B6AB93D627C3CA330066A607 /* DishMainView.swift in Sources */ = {isa = PBXBuildFile; fileRef = B6AB93D527C3CA330066A607 /* DishMainView.swift */; };
		B6AB93D927C3D1980066A607 /* BindingMainView.swift in Sources */ = {isa = PBXBuildFile; fileRef = B6AB93D827C3D1980066A607 /* BindingMainView.swift */; };
		B6ABD02527C511330016F28A /* BindingExampl2MainView.swift in Sources */ = {isa = PBXBuildFile; fileRef = B6ABD02427C511330016F28A /* BindingExampl2MainView.swift */; };
		B6ABD02727C5116C0016F28A /* Episode.swift in Sources */ = {isa = PBXBuildFile; fileRef = B6ABD02627C5116C0016F28A /* Episode.swift */; };
		B6ABD02A27C513F30016F28A /* Understanding_ObservableMainView.swift in Sources */ = {isa = PBXBuildFile; fileRef = B6ABD02927C513F30016F28A /* Understanding_ObservableMainView.swift */; };
		B6ABD02C27C514460016F28A /* FancyTimer.swift in Sources */ = {isa = PBXBuildFile; fileRef = B6ABD02B27C514460016F28A /* FancyTimer.swift */; };
		B6ABD02F27C515C30016F28A /* ObservableObjectMainView.swift in Sources */ = {isa = PBXBuildFile; fileRef = B6ABD02E27C515C30016F28A /* ObservableObjectMainView.swift */; };
		B6ABD03127C515DA0016F28A /* UserSettings.swift in Sources */ = {isa = PBXBuildFile; fileRef = B6ABD03027C515DA0016F28A /* UserSettings.swift */; };
		B6ADCD8327CFA81F00D58506 /* DishListMainView.swift in Sources */ = {isa = PBXBuildFile; fileRef = B6ADCD8227CFA81F00D58506 /* DishListMainView.swift */; };
		B6ADCD8827CFABD900D58506 /* DishModel.swift in Sources */ = {isa = PBXBuildFile; fileRef = B6ADCD8727CFABD900D58506 /* DishModel.swift */; };
		B6ADCD8B27D0E16200D58506 /* GraphicMainView.swift in Sources */ = {isa = PBXBuildFile; fileRef = B6ADCD8A27D0E16200D58506 /* GraphicMainView.swift */; };
		B6ADCD8D27D0E1F700D58506 /* BarGraph.swift in Sources */ = {isa = PBXBuildFile; fileRef = B6ADCD8C27D0E1F700D58506 /* BarGraph.swift */; };
		B6ADCD9027D0E2EF00D58506 /* Report.swift in Sources */ = {isa = PBXBuildFile; fileRef = B6ADCD8F27D0E2EF00D58506 /* Report.swift */; };
		B6BB480A27BF521D003D96F9 /* Hello_SwiftUIApp.swift in Sources */ = {isa = PBXBuildFile; fileRef = B6BB480927BF521D003D96F9 /* Hello_SwiftUIApp.swift */; };
		B6BB480C27BF521D003D96F9 /* ContentView.swift in Sources */ = {isa = PBXBuildFile; fileRef = B6BB480B27BF521D003D96F9 /* ContentView.swift */; };
		B6BB480E27BF521E003D96F9 /* Assets.xcassets in Resources */ = {isa = PBXBuildFile; fileRef = B6BB480D27BF521E003D96F9 /* Assets.xcassets */; };
		B6BB481127BF521E003D96F9 /* Preview Assets.xcassets in Resources */ = {isa = PBXBuildFile; fileRef = B6BB481027BF521E003D96F9 /* Preview Assets.xcassets */; };
		B6BB481B27BF521E003D96F9 /* Hello_SwiftUITests.swift in Sources */ = {isa = PBXBuildFile; fileRef = B6BB481A27BF521E003D96F9 /* Hello_SwiftUITests.swift */; };
		B6BB482527BF521E003D96F9 /* Hello_SwiftUIUITests.swift in Sources */ = {isa = PBXBuildFile; fileRef = B6BB482427BF521E003D96F9 /* Hello_SwiftUIUITests.swift */; };
		B6BB482727BF521E003D96F9 /* Hello_SwiftUIUITestsLaunchTests.swift in Sources */ = {isa = PBXBuildFile; fileRef = B6BB482627BF521E003D96F9 /* Hello_SwiftUIUITestsLaunchTests.swift */; };
		B6DDD29C27D790160091A2AD /* FlagOfTheWorldMainView.swift in Sources */ = {isa = PBXBuildFile; fileRef = B6DDD29B27D790160091A2AD /* FlagOfTheWorldMainView.swift */; };
		B6DDD29E27D7966F0091A2AD /* FlagDetailView.swift in Sources */ = {isa = PBXBuildFile; fileRef = B6DDD29D27D7966F0091A2AD /* FlagDetailView.swift */; };
		B6F1DCC127C9FE9F00BC58EB /* OrderListView.swift in Sources */ = {isa = PBXBuildFile; fileRef = B6F1DCC027C9FE9F00BC58EB /* OrderListView.swift */; };
		B6F1DCC327CA04A800BC58EB /* CreateOrderResponse.swift in Sources */ = {isa = PBXBuildFile; fileRef = B6F1DCC227CA04A800BC58EB /* CreateOrderResponse.swift */; };
		B6F1DCC527CA08A400BC58EB /* AddCoffeeOrderViewModel.swift in Sources */ = {isa = PBXBuildFile; fileRef = B6F1DCC427CA08A400BC58EB /* AddCoffeeOrderViewModel.swift */; };
		B6F1DCC727CA09C800BC58EB /* CoffeeViewModel.swift in Sources */ = {isa = PBXBuildFile; fileRef = B6F1DCC627CA09C800BC58EB /* CoffeeViewModel.swift */; };
		B6F1DCC927CA7F7F00BC58EB /* AddCoffeeOrderView.swift in Sources */ = {isa = PBXBuildFile; fileRef = B6F1DCC827CA7F7F00BC58EB /* AddCoffeeOrderView.swift */; };
		B6F1DCCB27CA871C00BC58EB /* OrderTotalView.swift in Sources */ = {isa = PBXBuildFile; fileRef = B6F1DCCA27CA871C00BC58EB /* OrderTotalView.swift */; };
/* End PBXBuildFile section */

/* Begin PBXContainerItemProxy section */
		B6BB481727BF521E003D96F9 /* PBXContainerItemProxy */ = {
			isa = PBXContainerItemProxy;
			containerPortal = B6BB47FE27BF521D003D96F9 /* Project object */;
			proxyType = 1;
			remoteGlobalIDString = B6BB480527BF521D003D96F9;
			remoteInfo = Hello_SwiftUI;
		};
		B6BB482127BF521E003D96F9 /* PBXContainerItemProxy */ = {
			isa = PBXContainerItemProxy;
			containerPortal = B6BB47FE27BF521D003D96F9 /* Project object */;
			proxyType = 1;
			remoteGlobalIDString = B6BB480527BF521D003D96F9;
			remoteInfo = Hello_SwiftUI;
		};
/* End PBXContainerItemProxy section */

/* Begin PBXFileReference section */
		B60DF9D527D4F9A2006627A4 /* NightShiftFormMainView.swift */ = {isa = PBXFileReference; lastKnownFileType = sourcecode.swift; path = NightShiftFormMainView.swift; sourceTree = "<group>"; };
		B60DF9D827D50056006627A4 /* NavigationFromMainView.swift */ = {isa = PBXFileReference; lastKnownFileType = sourcecode.swift; path = NavigationFromMainView.swift; sourceTree = "<group>"; };
		B626309D27C66C77005D9F12 /* WeatherMainView.swift */ = {isa = PBXFileReference; lastKnownFileType = sourcecode.swift; path = WeatherMainView.swift; sourceTree = "<group>"; };
		B62630A027C66CDE005D9F12 /* Weather.swift */ = {isa = PBXFileReference; lastKnownFileType = sourcecode.swift; path = Weather.swift; sourceTree = "<group>"; };
		B62630A327C66DB4005D9F12 /* WeatherService.swift */ = {isa = PBXFileReference; lastKnownFileType = sourcecode.swift; path = WeatherService.swift; sourceTree = "<group>"; };
		B62630A627C6702E005D9F12 /* WeatherViewModel.swift */ = {isa = PBXFileReference; lastKnownFileType = sourcecode.swift; path = WeatherViewModel.swift; sourceTree = "<group>"; };
		B62630A827C674DE005D9F12 /* Hello-SwiftUI-Info.plist */ = {isa = PBXFileReference; lastKnownFileType = text.plist; path = "Hello-SwiftUI-Info.plist"; sourceTree = SOURCE_ROOT; };
		B62A9EAB27C7B0A000A583FD /* CoffeeOrderingAppMainView.swift */ = {isa = PBXFileReference; lastKnownFileType = sourcecode.swift; path = CoffeeOrderingAppMainView.swift; sourceTree = "<group>"; };
		B62A9EAD27C7B0BB00A583FD /* Coffee.swift */ = {isa = PBXFileReference; lastKnownFileType = sourcecode.swift; path = Coffee.swift; sourceTree = "<group>"; };
		B62A9EAF27C7BA2700A583FD /* Order.swift */ = {isa = PBXFileReference; lastKnownFileType = sourcecode.swift; path = Order.swift; sourceTree = "<group>"; };
		B62A9EB227C7BAF400A583FD /* WebService.swift */ = {isa = PBXFileReference; lastKnownFileType = sourcecode.swift; path = WebService.swift; sourceTree = "<group>"; };
		B62A9EB527C7BDC500A583FD /* OrderListViewModel.swift */ = {isa = PBXFileReference; lastKnownFileType = sourcecode.swift; path = OrderListViewModel.swift; sourceTree = "<group>"; };
		B62F4F1027CE50E900B40146 /* DishCell.swift */ = {isa = PBXFileReference; lastKnownFileType = sourcecode.swift; path = DishCell.swift; sourceTree = "<group>"; };
		B644691027D27580009E4DF1 /* GestureMainView.swift */ = {isa = PBXFileReference; lastKnownFileType = sourcecode.swift; path = GestureMainView.swift; sourceTree = "<group>"; };
		B644691227D2759F009E4DF1 /* Card.swift */ = {isa = PBXFileReference; lastKnownFileType = sourcecode.swift; path = Card.swift; sourceTree = "<group>"; };
		B65267E927C26CD10030B13B /* Grid.swift */ = {isa = PBXFileReference; lastKnownFileType = sourcecode.swift; path = Grid.swift; sourceTree = "<group>"; };
		B65267EC27C26F1A0030B13B /* Array+Extension.swift */ = {isa = PBXFileReference; lastKnownFileType = sourcecode.swift; path = "Array+Extension.swift"; sourceTree = "<group>"; };
		B69E5A3927C0CEF100D3F026 /* Hike.swift */ = {isa = PBXFileReference; lastKnownFileType = sourcecode.swift; path = Hike.swift; sourceTree = "<group>"; };
		B69E5A3C27C0D26700D3F026 /* MainView.swift */ = {isa = PBXFileReference; lastKnownFileType = sourcecode.swift; path = MainView.swift; sourceTree = "<group>"; };
		B6A07F3227C2634300DA554D /* HikeDetail.swift */ = {isa = PBXFileReference; lastKnownFileType = sourcecode.swift; path = HikeDetail.swift; sourceTree = "<group>"; };
		B6AB93D327C3C8EF0066A607 /* Dish.swift */ = {isa = PBXFileReference; lastKnownFileType = sourcecode.swift; path = Dish.swift; sourceTree = "<group>"; };
		B6AB93D527C3CA330066A607 /* DishMainView.swift */ = {isa = PBXFileReference; lastKnownFileType = sourcecode.swift; path = DishMainView.swift; sourceTree = "<group>"; };
		B6AB93D827C3D1980066A607 /* BindingMainView.swift */ = {isa = PBXFileReference; lastKnownFileType = sourcecode.swift; path = BindingMainView.swift; sourceTree = "<group>"; };
		B6ABD02427C511330016F28A /* BindingExampl2MainView.swift */ = {isa = PBXFileReference; lastKnownFileType = sourcecode.swift; path = BindingExampl2MainView.swift; sourceTree = "<group>"; };
		B6ABD02627C5116C0016F28A /* Episode.swift */ = {isa = PBXFileReference; lastKnownFileType = sourcecode.swift; path = Episode.swift; sourceTree = "<group>"; };
		B6ABD02927C513F30016F28A /* Understanding_ObservableMainView.swift */ = {isa = PBXFileReference; lastKnownFileType = sourcecode.swift; path = Understanding_ObservableMainView.swift; sourceTree = "<group>"; };
		B6ABD02B27C514460016F28A /* FancyTimer.swift */ = {isa = PBXFileReference; lastKnownFileType = sourcecode.swift; path = FancyTimer.swift; sourceTree = "<group>"; };
		B6ABD02E27C515C30016F28A /* ObservableObjectMainView.swift */ = {isa = PBXFileReference; lastKnownFileType = sourcecode.swift; path = ObservableObjectMainView.swift; sourceTree = "<group>"; };
		B6ABD03027C515DA0016F28A /* UserSettings.swift */ = {isa = PBXFileReference; lastKnownFileType = sourcecode.swift; path = UserSettings.swift; sourceTree = "<group>"; };
		B6ADCD8227CFA81F00D58506 /* DishListMainView.swift */ = {isa = PBXFileReference; lastKnownFileType = sourcecode.swift; path = DishListMainView.swift; sourceTree = "<group>"; };
		B6ADCD8727CFABD900D58506 /* DishModel.swift */ = {isa = PBXFileReference; lastKnownFileType = sourcecode.swift; path = DishModel.swift; sourceTree = "<group>"; };
		B6ADCD8A27D0E16200D58506 /* GraphicMainView.swift */ = {isa = PBXFileReference; lastKnownFileType = sourcecode.swift; path = GraphicMainView.swift; sourceTree = "<group>"; };
		B6ADCD8C27D0E1F700D58506 /* BarGraph.swift */ = {isa = PBXFileReference; lastKnownFileType = sourcecode.swift; path = BarGraph.swift; sourceTree = "<group>"; };
		B6ADCD8F27D0E2EF00D58506 /* Report.swift */ = {isa = PBXFileReference; lastKnownFileType = sourcecode.swift; path = Report.swift; sourceTree = "<group>"; };
		B6BB480627BF521D003D96F9 /* Hello_SwiftUI.app */ = {isa = PBXFileReference; explicitFileType = wrapper.application; includeInIndex = 0; path = Hello_SwiftUI.app; sourceTree = BUILT_PRODUCTS_DIR; };
		B6BB480927BF521D003D96F9 /* Hello_SwiftUIApp.swift */ = {isa = PBXFileReference; lastKnownFileType = sourcecode.swift; path = Hello_SwiftUIApp.swift; sourceTree = "<group>"; };
		B6BB480B27BF521D003D96F9 /* ContentView.swift */ = {isa = PBXFileReference; lastKnownFileType = sourcecode.swift; path = ContentView.swift; sourceTree = "<group>"; };
		B6BB480D27BF521E003D96F9 /* Assets.xcassets */ = {isa = PBXFileReference; lastKnownFileType = folder.assetcatalog; path = Assets.xcassets; sourceTree = "<group>"; };
		B6BB481027BF521E003D96F9 /* Preview Assets.xcassets */ = {isa = PBXFileReference; lastKnownFileType = folder.assetcatalog; path = "Preview Assets.xcassets"; sourceTree = "<group>"; };
		B6BB481627BF521E003D96F9 /* Hello_SwiftUITests.xctest */ = {isa = PBXFileReference; explicitFileType = wrapper.cfbundle; includeInIndex = 0; path = Hello_SwiftUITests.xctest; sourceTree = BUILT_PRODUCTS_DIR; };
		B6BB481A27BF521E003D96F9 /* Hello_SwiftUITests.swift */ = {isa = PBXFileReference; lastKnownFileType = sourcecode.swift; path = Hello_SwiftUITests.swift; sourceTree = "<group>"; };
		B6BB482027BF521E003D96F9 /* Hello_SwiftUIUITests.xctest */ = {isa = PBXFileReference; explicitFileType = wrapper.cfbundle; includeInIndex = 0; path = Hello_SwiftUIUITests.xctest; sourceTree = BUILT_PRODUCTS_DIR; };
		B6BB482427BF521E003D96F9 /* Hello_SwiftUIUITests.swift */ = {isa = PBXFileReference; lastKnownFileType = sourcecode.swift; path = Hello_SwiftUIUITests.swift; sourceTree = "<group>"; };
		B6BB482627BF521E003D96F9 /* Hello_SwiftUIUITestsLaunchTests.swift */ = {isa = PBXFileReference; lastKnownFileType = sourcecode.swift; path = Hello_SwiftUIUITestsLaunchTests.swift; sourceTree = "<group>"; };
		B6DDD29B27D790160091A2AD /* FlagOfTheWorldMainView.swift */ = {isa = PBXFileReference; lastKnownFileType = sourcecode.swift; path = FlagOfTheWorldMainView.swift; sourceTree = "<group>"; };
		B6DDD29D27D7966F0091A2AD /* FlagDetailView.swift */ = {isa = PBXFileReference; lastKnownFileType = sourcecode.swift; path = FlagDetailView.swift; sourceTree = "<group>"; };
		B6F1DCC027C9FE9F00BC58EB /* OrderListView.swift */ = {isa = PBXFileReference; lastKnownFileType = sourcecode.swift; path = OrderListView.swift; sourceTree = "<group>"; };
		B6F1DCC227CA04A800BC58EB /* CreateOrderResponse.swift */ = {isa = PBXFileReference; lastKnownFileType = sourcecode.swift; path = CreateOrderResponse.swift; sourceTree = "<group>"; };
		B6F1DCC427CA08A400BC58EB /* AddCoffeeOrderViewModel.swift */ = {isa = PBXFileReference; lastKnownFileType = sourcecode.swift; path = AddCoffeeOrderViewModel.swift; sourceTree = "<group>"; };
		B6F1DCC627CA09C800BC58EB /* CoffeeViewModel.swift */ = {isa = PBXFileReference; lastKnownFileType = sourcecode.swift; path = CoffeeViewModel.swift; sourceTree = "<group>"; };
		B6F1DCC827CA7F7F00BC58EB /* AddCoffeeOrderView.swift */ = {isa = PBXFileReference; lastKnownFileType = sourcecode.swift; path = AddCoffeeOrderView.swift; sourceTree = "<group>"; };
		B6F1DCCA27CA871C00BC58EB /* OrderTotalView.swift */ = {isa = PBXFileReference; lastKnownFileType = sourcecode.swift; path = OrderTotalView.swift; sourceTree = "<group>"; };
/* End PBXFileReference section */

/* Begin PBXFrameworksBuildPhase section */
		B6BB480327BF521D003D96F9 /* Frameworks */ = {
			isa = PBXFrameworksBuildPhase;
			buildActionMask = 2147483647;
			files = (
			);
			runOnlyForDeploymentPostprocessing = 0;
		};
		B6BB481327BF521E003D96F9 /* Frameworks */ = {
			isa = PBXFrameworksBuildPhase;
			buildActionMask = 2147483647;
			files = (
			);
			runOnlyForDeploymentPostprocessing = 0;
		};
		B6BB481D27BF521E003D96F9 /* Frameworks */ = {
			isa = PBXFrameworksBuildPhase;
			buildActionMask = 2147483647;
			files = (
			);
			runOnlyForDeploymentPostprocessing = 0;
		};
/* End PBXFrameworksBuildPhase section */

/* Begin PBXGroup section */
		B60DF9D427D4F97F006627A4 /* NightShiftFormExample */ = {
			isa = PBXGroup;
			children = (
				B60DF9D527D4F9A2006627A4 /* NightShiftFormMainView.swift */,
			);
			path = NightShiftFormExample;
			sourceTree = "<group>";
		};
		B60DF9D727D5003E006627A4 /* NavigationFromExample */ = {
			isa = PBXGroup;
			children = (
				B60DF9D827D50056006627A4 /* NavigationFromMainView.swift */,
			);
			path = NavigationFromExample;
			sourceTree = "<group>";
		};
		B626309C27C66C65005D9F12 /* WeatherExample */ = {
			isa = PBXGroup;
			children = (
				B62630A527C6701C005D9F12 /* ViewModel */,
				B62630A227C66DA3005D9F12 /* Services */,
				B626309F27C66CC8005D9F12 /* Model */,
				B626309D27C66C77005D9F12 /* WeatherMainView.swift */,
			);
			path = WeatherExample;
			sourceTree = "<group>";
		};
		B626309F27C66CC8005D9F12 /* Model */ = {
			isa = PBXGroup;
			children = (
				B62630A027C66CDE005D9F12 /* Weather.swift */,
			);
			path = Model;
			sourceTree = "<group>";
		};
		B62630A227C66DA3005D9F12 /* Services */ = {
			isa = PBXGroup;
			children = (
				B62630A327C66DB4005D9F12 /* WeatherService.swift */,
			);
			path = Services;
			sourceTree = "<group>";
		};
		B62630A527C6701C005D9F12 /* ViewModel */ = {
			isa = PBXGroup;
			children = (
				B62630A627C6702E005D9F12 /* WeatherViewModel.swift */,
			);
			path = ViewModel;
			sourceTree = "<group>";
		};
		B62A9EA927C7B06200A583FD /* CoffeeOrderingApp */ = {
			isa = PBXGroup;
			children = (
				B6F1DCBF27C9FE7800BC58EB /* Views */,
				B62A9EB427C7BDAB00A583FD /* ViewModels */,
				B62A9EB127C7BAE600A583FD /* Services */,
				B62A9EAA27C7B07700A583FD /* Models */,
			);
			path = CoffeeOrderingApp;
			sourceTree = "<group>";
		};
		B62A9EAA27C7B07700A583FD /* Models */ = {
			isa = PBXGroup;
			children = (
				B62A9EAD27C7B0BB00A583FD /* Coffee.swift */,
				B62A9EAF27C7BA2700A583FD /* Order.swift */,
				B6F1DCC227CA04A800BC58EB /* CreateOrderResponse.swift */,
			);
			path = Models;
			sourceTree = "<group>";
		};
		B62A9EB127C7BAE600A583FD /* Services */ = {
			isa = PBXGroup;
			children = (
				B62A9EB227C7BAF400A583FD /* WebService.swift */,
			);
			path = Services;
			sourceTree = "<group>";
		};
		B62A9EB427C7BDAB00A583FD /* ViewModels */ = {
			isa = PBXGroup;
			children = (
				B62A9EB527C7BDC500A583FD /* OrderListViewModel.swift */,
				B6F1DCC427CA08A400BC58EB /* AddCoffeeOrderViewModel.swift */,
				B6F1DCC627CA09C800BC58EB /* CoffeeViewModel.swift */,
			);
			path = ViewModels;
			sourceTree = "<group>";
		};
		B62F4F0F27CE50C500B40146 /* DishExample */ = {
			isa = PBXGroup;
			children = (
				B6ADCD8427CFAB8500D58506 /* Models */,
				B62F4F1027CE50E900B40146 /* DishCell.swift */,
				B6ADCD8227CFA81F00D58506 /* DishListMainView.swift */,
			);
			path = DishExample;
			sourceTree = "<group>";
		};
		B644690F27D2756E009E4DF1 /* GestureExample */ = {
			isa = PBXGroup;
			children = (
				B644691027D27580009E4DF1 /* GestureMainView.swift */,
				B644691227D2759F009E4DF1 /* Card.swift */,
			);
			path = GestureExample;
			sourceTree = "<group>";
		};
		B65267E627C26C800030B13B /* GridExample(Legacy) */ = {
			isa = PBXGroup;
			children = (
				B65267E827C26CB70030B13B /* Views */,
				B65267E727C26CB00030B13B /* Model */,
			);
			path = "GridExample(Legacy)";
			sourceTree = "<group>";
		};
		B65267E727C26CB00030B13B /* Model */ = {
			isa = PBXGroup;
			children = (
			);
			path = Model;
			sourceTree = "<group>";
		};
		B65267E827C26CB70030B13B /* Views */ = {
			isa = PBXGroup;
			children = (
				B65267E927C26CD10030B13B /* Grid.swift */,
			);
			path = Views;
			sourceTree = "<group>";
		};
		B65267EB27C26F060030B13B /* Extension */ = {
			isa = PBXGroup;
			children = (
				B65267EC27C26F1A0030B13B /* Array+Extension.swift */,
			);
			path = Extension;
			sourceTree = "<group>";
		};
		B69E59F727C0C9D500D3F026 /* Hiking */ = {
			isa = PBXGroup;
			children = (
				B69E5A3B27C0D13900D3F026 /* Views */,
				B69E5A3827C0CEDA00D3F026 /* Model */,
			);
			path = Hiking;
			sourceTree = "<group>";
		};
		B69E59F827C0C9DF00D3F026 /* Basic */ = {
			isa = PBXGroup;
			children = (
			);
			path = Basic;
			sourceTree = "<group>";
		};
		B69E5A3827C0CEDA00D3F026 /* Model */ = {
			isa = PBXGroup;
			children = (
				B69E5A3927C0CEF100D3F026 /* Hike.swift */,
			);
			path = Model;
			sourceTree = "<group>";
		};
		B69E5A3B27C0D13900D3F026 /* Views */ = {
			isa = PBXGroup;
			children = (
				B69E5A3C27C0D26700D3F026 /* MainView.swift */,
				B6A07F3227C2634300DA554D /* HikeDetail.swift */,
			);
			path = Views;
			sourceTree = "<group>";
		};
		B6AB93D127C3C8CF0066A607 /* StateExample */ = {
			isa = PBXGroup;
			children = (
				B6AB93D227C3C8DF0066A607 /* Model */,
			);
			path = StateExample;
			sourceTree = "<group>";
		};
		B6AB93D227C3C8DF0066A607 /* Model */ = {
			isa = PBXGroup;
			children = (
				B6AB93D327C3C8EF0066A607 /* Dish.swift */,
				B6AB93D527C3CA330066A607 /* DishMainView.swift */,
			);
			path = Model;
			sourceTree = "<group>";
		};
		B6AB93D727C3D17E0066A607 /* BindingExample */ = {
			isa = PBXGroup;
			children = (
				B6AB93D827C3D1980066A607 /* BindingMainView.swift */,
			);
			name = BindingExample;
			sourceTree = "<group>";
		};
		B6ABD02227C5110A0016F28A /* BindingExample2 */ = {
			isa = PBXGroup;
			children = (
				B6ABD02327C511140016F28A /* Model */,
				B6ABD02427C511330016F28A /* BindingExampl2MainView.swift */,
			);
			path = BindingExample2;
			sourceTree = "<group>";
		};
		B6ABD02327C511140016F28A /* Model */ = {
			isa = PBXGroup;
			children = (
				B6ABD02627C5116C0016F28A /* Episode.swift */,
			);
			path = Model;
			sourceTree = "<group>";
		};
		B6ABD02827C513D10016F28A /* UnderStanding_ObserableObject */ = {
			isa = PBXGroup;
			children = (
				B6ABD02927C513F30016F28A /* Understanding_ObservableMainView.swift */,
				B6ABD02B27C514460016F28A /* FancyTimer.swift */,
			);
			path = UnderStanding_ObserableObject;
			sourceTree = "<group>";
		};
		B6ABD02D27C515AC0016F28A /* ObservableObjectExample */ = {
			isa = PBXGroup;
			children = (
				B6ABD02E27C515C30016F28A /* ObservableObjectMainView.swift */,
				B6ABD03027C515DA0016F28A /* UserSettings.swift */,
			);
			path = ObservableObjectExample;
			sourceTree = "<group>";
		};
		B6ADCD8427CFAB8500D58506 /* Models */ = {
			isa = PBXGroup;
			children = (
				B6ADCD8727CFABD900D58506 /* DishModel.swift */,
			);
			path = Models;
			sourceTree = "<group>";
		};
		B6ADCD8927D0E13E00D58506 /* GraphicExample */ = {
			isa = PBXGroup;
			children = (
				B6ADCD8E27D0E2E300D58506 /* Models */,
				B6ADCD8A27D0E16200D58506 /* GraphicMainView.swift */,
				B6ADCD8C27D0E1F700D58506 /* BarGraph.swift */,
			);
			path = GraphicExample;
			sourceTree = "<group>";
		};
		B6ADCD8E27D0E2E300D58506 /* Models */ = {
			isa = PBXGroup;
			children = (
				B6ADCD8F27D0E2EF00D58506 /* Report.swift */,
			);
			path = Models;
			sourceTree = "<group>";
		};
		B6BB47FD27BF521D003D96F9 = {
			isa = PBXGroup;
			children = (
				B6BB480827BF521D003D96F9 /* Hello_SwiftUI */,
				B6BB481927BF521E003D96F9 /* Hello_SwiftUITests */,
				B6BB482327BF521E003D96F9 /* Hello_SwiftUIUITests */,
				B6BB480727BF521D003D96F9 /* Products */,
			);
			sourceTree = "<group>";
		};
		B6BB480727BF521D003D96F9 /* Products */ = {
			isa = PBXGroup;
			children = (
				B6BB480627BF521D003D96F9 /* Hello_SwiftUI.app */,
				B6BB481627BF521E003D96F9 /* Hello_SwiftUITests.xctest */,
				B6BB482027BF521E003D96F9 /* Hello_SwiftUIUITests.xctest */,
			);
			name = Products;
			sourceTree = "<group>";
		};
		B6BB480827BF521D003D96F9 /* Hello_SwiftUI */ = {
			isa = PBXGroup;
			children = (
				B6DDD29A27D78FFB0091A2AD /* FlagOfTheWorldExample */,
				B60DF9D727D5003E006627A4 /* NavigationFromExample */,
				B60DF9D427D4F97F006627A4 /* NightShiftFormExample */,
				B644690F27D2756E009E4DF1 /* GestureExample */,
				B6ADCD8927D0E13E00D58506 /* GraphicExample */,
				B62F4F0F27CE50C500B40146 /* DishExample */,
				B62630A827C674DE005D9F12 /* Hello-SwiftUI-Info.plist */,
				B62A9EA927C7B06200A583FD /* CoffeeOrderingApp */,
				B626309C27C66C65005D9F12 /* WeatherExample */,
				B6ABD02D27C515AC0016F28A /* ObservableObjectExample */,
				B6ABD02827C513D10016F28A /* UnderStanding_ObserableObject */,
				B6ABD02227C5110A0016F28A /* BindingExample2 */,
				B6AB93D727C3D17E0066A607 /* BindingExample */,
				B6AB93D127C3C8CF0066A607 /* StateExample */,
				B69E59F727C0C9D500D3F026 /* Hiking */,
				B65267E627C26C800030B13B /* GridExample(Legacy) */,
				B69E59F827C0C9DF00D3F026 /* Basic */,
				B6BB480927BF521D003D96F9 /* Hello_SwiftUIApp.swift */,
				B6BB480B27BF521D003D96F9 /* ContentView.swift */,
				B6BB480D27BF521E003D96F9 /* Assets.xcassets */,
				B65267EB27C26F060030B13B /* Extension */,
				B6BB480F27BF521E003D96F9 /* Preview Content */,
			);
			path = Hello_SwiftUI;
			sourceTree = "<group>";
		};
		B6BB480F27BF521E003D96F9 /* Preview Content */ = {
			isa = PBXGroup;
			children = (
				B6BB481027BF521E003D96F9 /* Preview Assets.xcassets */,
			);
			path = "Preview Content";
			sourceTree = "<group>";
		};
		B6BB481927BF521E003D96F9 /* Hello_SwiftUITests */ = {
			isa = PBXGroup;
			children = (
				B6BB481A27BF521E003D96F9 /* Hello_SwiftUITests.swift */,
			);
			path = Hello_SwiftUITests;
			sourceTree = "<group>";
		};
		B6BB482327BF521E003D96F9 /* Hello_SwiftUIUITests */ = {
			isa = PBXGroup;
			children = (
				B6BB482427BF521E003D96F9 /* Hello_SwiftUIUITests.swift */,
				B6BB482627BF521E003D96F9 /* Hello_SwiftUIUITestsLaunchTests.swift */,
			);
			path = Hello_SwiftUIUITests;
			sourceTree = "<group>";
		};
		B6DDD29A27D78FFB0091A2AD /* FlagOfTheWorldExample */ = {
			isa = PBXGroup;
			children = (
				B6DDD29B27D790160091A2AD /* FlagOfTheWorldMainView.swift */,
				B6DDD29D27D7966F0091A2AD /* FlagDetailView.swift */,
			);
			path = FlagOfTheWorldExample;
			sourceTree = "<group>";
		};
		B6F1DCBF27C9FE7800BC58EB /* Views */ = {
			isa = PBXGroup;
			children = (
				B62A9EAB27C7B0A000A583FD /* CoffeeOrderingAppMainView.swift */,
				B6F1DCC027C9FE9F00BC58EB /* OrderListView.swift */,
				B6F1DCC827CA7F7F00BC58EB /* AddCoffeeOrderView.swift */,
				B6F1DCCA27CA871C00BC58EB /* OrderTotalView.swift */,
			);
			path = Views;
			sourceTree = "<group>";
		};
/* End PBXGroup section */

/* Begin PBXNativeTarget section */
		B6BB480527BF521D003D96F9 /* Hello_SwiftUI */ = {
			isa = PBXNativeTarget;
			buildConfigurationList = B6BB482A27BF521E003D96F9 /* Build configuration list for PBXNativeTarget "Hello_SwiftUI" */;
			buildPhases = (
				B6BB480227BF521D003D96F9 /* Sources */,
				B6BB480327BF521D003D96F9 /* Frameworks */,
				B6BB480427BF521D003D96F9 /* Resources */,
			);
			buildRules = (
			);
			dependencies = (
			);
			name = Hello_SwiftUI;
			productName = Hello_SwiftUI;
			productReference = B6BB480627BF521D003D96F9 /* Hello_SwiftUI.app */;
			productType = "com.apple.product-type.application";
		};
		B6BB481527BF521E003D96F9 /* Hello_SwiftUITests */ = {
			isa = PBXNativeTarget;
			buildConfigurationList = B6BB482D27BF521E003D96F9 /* Build configuration list for PBXNativeTarget "Hello_SwiftUITests" */;
			buildPhases = (
				B6BB481227BF521E003D96F9 /* Sources */,
				B6BB481327BF521E003D96F9 /* Frameworks */,
				B6BB481427BF521E003D96F9 /* Resources */,
			);
			buildRules = (
			);
			dependencies = (
				B6BB481827BF521E003D96F9 /* PBXTargetDependency */,
			);
			name = Hello_SwiftUITests;
			productName = Hello_SwiftUITests;
			productReference = B6BB481627BF521E003D96F9 /* Hello_SwiftUITests.xctest */;
			productType = "com.apple.product-type.bundle.unit-test";
		};
		B6BB481F27BF521E003D96F9 /* Hello_SwiftUIUITests */ = {
			isa = PBXNativeTarget;
			buildConfigurationList = B6BB483027BF521E003D96F9 /* Build configuration list for PBXNativeTarget "Hello_SwiftUIUITests" */;
			buildPhases = (
				B6BB481C27BF521E003D96F9 /* Sources */,
				B6BB481D27BF521E003D96F9 /* Frameworks */,
				B6BB481E27BF521E003D96F9 /* Resources */,
			);
			buildRules = (
			);
			dependencies = (
				B6BB482227BF521E003D96F9 /* PBXTargetDependency */,
			);
			name = Hello_SwiftUIUITests;
			productName = Hello_SwiftUIUITests;
			productReference = B6BB482027BF521E003D96F9 /* Hello_SwiftUIUITests.xctest */;
			productType = "com.apple.product-type.bundle.ui-testing";
		};
/* End PBXNativeTarget section */

/* Begin PBXProject section */
		B6BB47FE27BF521D003D96F9 /* Project object */ = {
			isa = PBXProject;
			attributes = {
				BuildIndependentTargetsInParallel = 1;
				LastSwiftUpdateCheck = 1320;
				LastUpgradeCheck = 1320;
				TargetAttributes = {
					B6BB480527BF521D003D96F9 = {
						CreatedOnToolsVersion = 13.2.1;
					};
					B6BB481527BF521E003D96F9 = {
						CreatedOnToolsVersion = 13.2.1;
						TestTargetID = B6BB480527BF521D003D96F9;
					};
					B6BB481F27BF521E003D96F9 = {
						CreatedOnToolsVersion = 13.2.1;
						TestTargetID = B6BB480527BF521D003D96F9;
					};
				};
			};
			buildConfigurationList = B6BB480127BF521D003D96F9 /* Build configuration list for PBXProject "Hello_SwiftUI" */;
			compatibilityVersion = "Xcode 13.0";
			developmentRegion = en;
			hasScannedForEncodings = 0;
			knownRegions = (
				en,
				Base,
			);
			mainGroup = B6BB47FD27BF521D003D96F9;
			productRefGroup = B6BB480727BF521D003D96F9 /* Products */;
			projectDirPath = "";
			projectRoot = "";
			targets = (
				B6BB480527BF521D003D96F9 /* Hello_SwiftUI */,
				B6BB481527BF521E003D96F9 /* Hello_SwiftUITests */,
				B6BB481F27BF521E003D96F9 /* Hello_SwiftUIUITests */,
			);
		};
/* End PBXProject section */

/* Begin PBXResourcesBuildPhase section */
		B6BB480427BF521D003D96F9 /* Resources */ = {
			isa = PBXResourcesBuildPhase;
			buildActionMask = 2147483647;
			files = (
				B6BB481127BF521E003D96F9 /* Preview Assets.xcassets in Resources */,
				B6BB480E27BF521E003D96F9 /* Assets.xcassets in Resources */,
			);
			runOnlyForDeploymentPostprocessing = 0;
		};
		B6BB481427BF521E003D96F9 /* Resources */ = {
			isa = PBXResourcesBuildPhase;
			buildActionMask = 2147483647;
			files = (
			);
			runOnlyForDeploymentPostprocessing = 0;
		};
		B6BB481E27BF521E003D96F9 /* Resources */ = {
			isa = PBXResourcesBuildPhase;
			buildActionMask = 2147483647;
			files = (
			);
			runOnlyForDeploymentPostprocessing = 0;
		};
/* End PBXResourcesBuildPhase section */

/* Begin PBXSourcesBuildPhase section */
		B6BB480227BF521D003D96F9 /* Sources */ = {
			isa = PBXSourcesBuildPhase;
			buildActionMask = 2147483647;
			files = (
				B6ADCD8327CFA81F00D58506 /* DishListMainView.swift in Sources */,
				B69E5A3A27C0CEF100D3F026 /* Hike.swift in Sources */,
				B6F1DCC127C9FE9F00BC58EB /* OrderListView.swift in Sources */,
				B60DF9D627D4F9A2006627A4 /* NightShiftFormMainView.swift in Sources */,
				B62A9EAE27C7B0BB00A583FD /* Coffee.swift in Sources */,
				B644691327D2759F009E4DF1 /* Card.swift in Sources */,
				B62A9EAC27C7B0A000A583FD /* CoffeeOrderingAppMainView.swift in Sources */,
				B644691127D27580009E4DF1 /* GestureMainView.swift in Sources */,
				B6ABD02727C5116C0016F28A /* Episode.swift in Sources */,
				B6ABD02A27C513F30016F28A /* Understanding_ObservableMainView.swift in Sources */,
				B60DF9D927D50056006627A4 /* NavigationFromMainView.swift in Sources */,
				B6ADCD8827CFABD900D58506 /* DishModel.swift in Sources */,
				B6ABD02C27C514460016F28A /* FancyTimer.swift in Sources */,
				B62630A127C66CDE005D9F12 /* Weather.swift in Sources */,
				B62630A727C6702E005D9F12 /* WeatherViewModel.swift in Sources */,
				B6F1DCC927CA7F7F00BC58EB /* AddCoffeeOrderView.swift in Sources */,
				B6ADCD8D27D0E1F700D58506 /* BarGraph.swift in Sources */,
				B6AB93D927C3D1980066A607 /* BindingMainView.swift in Sources */,
				B6AB93D627C3CA330066A607 /* DishMainView.swift in Sources */,
				B6F1DCC327CA04A800BC58EB /* CreateOrderResponse.swift in Sources */,
				B62A9EB627C7BDC500A583FD /* OrderListViewModel.swift in Sources */,
				B6F1DCC727CA09C800BC58EB /* CoffeeViewModel.swift in Sources */,
				B69E5A3D27C0D26700D3F026 /* MainView.swift in Sources */,
				B6BB480C27BF521D003D96F9 /* ContentView.swift in Sources */,
				B62F4F1127CE50E900B40146 /* DishCell.swift in Sources */,
				B6ABD02527C511330016F28A /* BindingExampl2MainView.swift in Sources */,
				B6ADCD9027D0E2EF00D58506 /* Report.swift in Sources */,
				B6BB480A27BF521D003D96F9 /* Hello_SwiftUIApp.swift in Sources */,
				B6F1DCC527CA08A400BC58EB /* AddCoffeeOrderViewModel.swift in Sources */,
				B62630A427C66DB4005D9F12 /* WeatherService.swift in Sources */,
				B65267ED27C26F1A0030B13B /* Array+Extension.swift in Sources */,
				B6ADCD8B27D0E16200D58506 /* GraphicMainView.swift in Sources */,
				B626309E27C66C77005D9F12 /* WeatherMainView.swift in Sources */,
				B6AB93D427C3C8EF0066A607 /* Dish.swift in Sources */,
				B62A9EB327C7BAF400A583FD /* WebService.swift in Sources */,
				B6ABD02F27C515C30016F28A /* ObservableObjectMainView.swift in Sources */,
				B6ABD03127C515DA0016F28A /* UserSettings.swift in Sources */,
				B62A9EB027C7BA2700A583FD /* Order.swift in Sources */,
				B6DDD29E27D7966F0091A2AD /* FlagDetailView.swift in Sources */,
				B6F1DCCB27CA871C00BC58EB /* OrderTotalView.swift in Sources */,
				B6A07F3327C2634300DA554D /* HikeDetail.swift in Sources */,
				B65267EA27C26CD10030B13B /* Grid.swift in Sources */,
				B6DDD29C27D790160091A2AD /* FlagOfTheWorldMainView.swift in Sources */,
			);
			runOnlyForDeploymentPostprocessing = 0;
		};
		B6BB481227BF521E003D96F9 /* Sources */ = {
			isa = PBXSourcesBuildPhase;
			buildActionMask = 2147483647;
			files = (
				B6BB481B27BF521E003D96F9 /* Hello_SwiftUITests.swift in Sources */,
			);
			runOnlyForDeploymentPostprocessing = 0;
		};
		B6BB481C27BF521E003D96F9 /* Sources */ = {
			isa = PBXSourcesBuildPhase;
			buildActionMask = 2147483647;
			files = (
				B6BB482527BF521E003D96F9 /* Hello_SwiftUIUITests.swift in Sources */,
				B6BB482727BF521E003D96F9 /* Hello_SwiftUIUITestsLaunchTests.swift in Sources */,
			);
			runOnlyForDeploymentPostprocessing = 0;
		};
/* End PBXSourcesBuildPhase section */

/* Begin PBXTargetDependency section */
		B6BB481827BF521E003D96F9 /* PBXTargetDependency */ = {
			isa = PBXTargetDependency;
			target = B6BB480527BF521D003D96F9 /* Hello_SwiftUI */;
			targetProxy = B6BB481727BF521E003D96F9 /* PBXContainerItemProxy */;
		};
		B6BB482227BF521E003D96F9 /* PBXTargetDependency */ = {
			isa = PBXTargetDependency;
			target = B6BB480527BF521D003D96F9 /* Hello_SwiftUI */;
			targetProxy = B6BB482127BF521E003D96F9 /* PBXContainerItemProxy */;
		};
/* End PBXTargetDependency section */

/* Begin XCBuildConfiguration section */
		B6BB482827BF521E003D96F9 /* Debug */ = {
			isa = XCBuildConfiguration;
			buildSettings = {
				ALWAYS_SEARCH_USER_PATHS = NO;
				CLANG_ANALYZER_NONNULL = YES;
				CLANG_ANALYZER_NUMBER_OBJECT_CONVERSION = YES_AGGRESSIVE;
				CLANG_CXX_LANGUAGE_STANDARD = "gnu++17";
				CLANG_CXX_LIBRARY = "libc++";
				CLANG_ENABLE_MODULES = YES;
				CLANG_ENABLE_OBJC_ARC = YES;
				CLANG_ENABLE_OBJC_WEAK = YES;
				CLANG_WARN_BLOCK_CAPTURE_AUTORELEASING = YES;
				CLANG_WARN_BOOL_CONVERSION = YES;
				CLANG_WARN_COMMA = YES;
				CLANG_WARN_CONSTANT_CONVERSION = YES;
				CLANG_WARN_DEPRECATED_OBJC_IMPLEMENTATIONS = YES;
				CLANG_WARN_DIRECT_OBJC_ISA_USAGE = YES_ERROR;
				CLANG_WARN_DOCUMENTATION_COMMENTS = YES;
				CLANG_WARN_EMPTY_BODY = YES;
				CLANG_WARN_ENUM_CONVERSION = YES;
				CLANG_WARN_INFINITE_RECURSION = YES;
				CLANG_WARN_INT_CONVERSION = YES;
				CLANG_WARN_NON_LITERAL_NULL_CONVERSION = YES;
				CLANG_WARN_OBJC_IMPLICIT_RETAIN_SELF = YES;
				CLANG_WARN_OBJC_LITERAL_CONVERSION = YES;
				CLANG_WARN_OBJC_ROOT_CLASS = YES_ERROR;
				CLANG_WARN_QUOTED_INCLUDE_IN_FRAMEWORK_HEADER = YES;
				CLANG_WARN_RANGE_LOOP_ANALYSIS = YES;
				CLANG_WARN_STRICT_PROTOTYPES = YES;
				CLANG_WARN_SUSPICIOUS_MOVE = YES;
				CLANG_WARN_UNGUARDED_AVAILABILITY = YES_AGGRESSIVE;
				CLANG_WARN_UNREACHABLE_CODE = YES;
				CLANG_WARN__DUPLICATE_METHOD_MATCH = YES;
				COPY_PHASE_STRIP = NO;
				DEBUG_INFORMATION_FORMAT = dwarf;
				ENABLE_STRICT_OBJC_MSGSEND = YES;
				ENABLE_TESTABILITY = YES;
				GCC_C_LANGUAGE_STANDARD = gnu11;
				GCC_DYNAMIC_NO_PIC = NO;
				GCC_NO_COMMON_BLOCKS = YES;
				GCC_OPTIMIZATION_LEVEL = 0;
				GCC_PREPROCESSOR_DEFINITIONS = (
					"DEBUG=1",
					"$(inherited)",
				);
				GCC_WARN_64_TO_32_BIT_CONVERSION = YES;
				GCC_WARN_ABOUT_RETURN_TYPE = YES_ERROR;
				GCC_WARN_UNDECLARED_SELECTOR = YES;
				GCC_WARN_UNINITIALIZED_AUTOS = YES_AGGRESSIVE;
				GCC_WARN_UNUSED_FUNCTION = YES;
				GCC_WARN_UNUSED_VARIABLE = YES;
				IPHONEOS_DEPLOYMENT_TARGET = 15.2;
				MTL_ENABLE_DEBUG_INFO = INCLUDE_SOURCE;
				MTL_FAST_MATH = YES;
				ONLY_ACTIVE_ARCH = YES;
				SDKROOT = iphoneos;
				SWIFT_ACTIVE_COMPILATION_CONDITIONS = DEBUG;
				SWIFT_OPTIMIZATION_LEVEL = "-Onone";
			};
			name = Debug;
		};
		B6BB482927BF521E003D96F9 /* Release */ = {
			isa = XCBuildConfiguration;
			buildSettings = {
				ALWAYS_SEARCH_USER_PATHS = NO;
				CLANG_ANALYZER_NONNULL = YES;
				CLANG_ANALYZER_NUMBER_OBJECT_CONVERSION = YES_AGGRESSIVE;
				CLANG_CXX_LANGUAGE_STANDARD = "gnu++17";
				CLANG_CXX_LIBRARY = "libc++";
				CLANG_ENABLE_MODULES = YES;
				CLANG_ENABLE_OBJC_ARC = YES;
				CLANG_ENABLE_OBJC_WEAK = YES;
				CLANG_WARN_BLOCK_CAPTURE_AUTORELEASING = YES;
				CLANG_WARN_BOOL_CONVERSION = YES;
				CLANG_WARN_COMMA = YES;
				CLANG_WARN_CONSTANT_CONVERSION = YES;
				CLANG_WARN_DEPRECATED_OBJC_IMPLEMENTATIONS = YES;
				CLANG_WARN_DIRECT_OBJC_ISA_USAGE = YES_ERROR;
				CLANG_WARN_DOCUMENTATION_COMMENTS = YES;
				CLANG_WARN_EMPTY_BODY = YES;
				CLANG_WARN_ENUM_CONVERSION = YES;
				CLANG_WARN_INFINITE_RECURSION = YES;
				CLANG_WARN_INT_CONVERSION = YES;
				CLANG_WARN_NON_LITERAL_NULL_CONVERSION = YES;
				CLANG_WARN_OBJC_IMPLICIT_RETAIN_SELF = YES;
				CLANG_WARN_OBJC_LITERAL_CONVERSION = YES;
				CLANG_WARN_OBJC_ROOT_CLASS = YES_ERROR;
				CLANG_WARN_QUOTED_INCLUDE_IN_FRAMEWORK_HEADER = YES;
				CLANG_WARN_RANGE_LOOP_ANALYSIS = YES;
				CLANG_WARN_STRICT_PROTOTYPES = YES;
				CLANG_WARN_SUSPICIOUS_MOVE = YES;
				CLANG_WARN_UNGUARDED_AVAILABILITY = YES_AGGRESSIVE;
				CLANG_WARN_UNREACHABLE_CODE = YES;
				CLANG_WARN__DUPLICATE_METHOD_MATCH = YES;
				COPY_PHASE_STRIP = NO;
				DEBUG_INFORMATION_FORMAT = "dwarf-with-dsym";
				ENABLE_NS_ASSERTIONS = NO;
				ENABLE_STRICT_OBJC_MSGSEND = YES;
				GCC_C_LANGUAGE_STANDARD = gnu11;
				GCC_NO_COMMON_BLOCKS = YES;
				GCC_WARN_64_TO_32_BIT_CONVERSION = YES;
				GCC_WARN_ABOUT_RETURN_TYPE = YES_ERROR;
				GCC_WARN_UNDECLARED_SELECTOR = YES;
				GCC_WARN_UNINITIALIZED_AUTOS = YES_AGGRESSIVE;
				GCC_WARN_UNUSED_FUNCTION = YES;
				GCC_WARN_UNUSED_VARIABLE = YES;
				IPHONEOS_DEPLOYMENT_TARGET = 15.2;
				MTL_ENABLE_DEBUG_INFO = NO;
				MTL_FAST_MATH = YES;
				SDKROOT = iphoneos;
				SWIFT_COMPILATION_MODE = wholemodule;
				SWIFT_OPTIMIZATION_LEVEL = "-O";
				VALIDATE_PRODUCT = YES;
			};
			name = Release;
		};
		B6BB482B27BF521E003D96F9 /* Debug */ = {
			isa = XCBuildConfiguration;
			buildSettings = {
				ASSETCATALOG_COMPILER_APPICON_NAME = AppIcon;
				ASSETCATALOG_COMPILER_GLOBAL_ACCENT_COLOR_NAME = AccentColor;
				CODE_SIGN_STYLE = Automatic;
				CURRENT_PROJECT_VERSION = 1;
				DEVELOPMENT_ASSET_PATHS = "\"Hello_SwiftUI/Preview Content\"";
				DEVELOPMENT_TEAM = FUV2GHVQ46;
				ENABLE_PREVIEWS = YES;
				GENERATE_INFOPLIST_FILE = YES;
				INFOPLIST_FILE = "Hello-SwiftUI-Info.plist";
				INFOPLIST_KEY_UIApplicationSceneManifest_Generation = YES;
				INFOPLIST_KEY_UIApplicationSupportsIndirectInputEvents = YES;
				INFOPLIST_KEY_UILaunchScreen_Generation = YES;
				INFOPLIST_KEY_UISupportedInterfaceOrientations_iPad = "UIInterfaceOrientationPortrait UIInterfaceOrientationPortraitUpsideDown UIInterfaceOrientationLandscapeLeft UIInterfaceOrientationLandscapeRight";
				INFOPLIST_KEY_UISupportedInterfaceOrientations_iPhone = "UIInterfaceOrientationPortrait UIInterfaceOrientationLandscapeLeft UIInterfaceOrientationLandscapeRight";
				LD_RUNPATH_SEARCH_PATHS = (
					"$(inherited)",
					"@executable_path/Frameworks",
				);
				MARKETING_VERSION = 1.0;
				PRODUCT_BUNDLE_IDENTIFIER = "YuGenoHui.Hello-SwiftUI";
				PRODUCT_NAME = "$(TARGET_NAME)";
				SWIFT_EMIT_LOC_STRINGS = YES;
				SWIFT_VERSION = 5.0;
				TARGETED_DEVICE_FAMILY = "1,2";
			};
			name = Debug;
		};
		B6BB482C27BF521E003D96F9 /* Release */ = {
			isa = XCBuildConfiguration;
			buildSettings = {
				ASSETCATALOG_COMPILER_APPICON_NAME = AppIcon;
				ASSETCATALOG_COMPILER_GLOBAL_ACCENT_COLOR_NAME = AccentColor;
				CODE_SIGN_STYLE = Automatic;
				CURRENT_PROJECT_VERSION = 1;
				DEVELOPMENT_ASSET_PATHS = "\"Hello_SwiftUI/Preview Content\"";
				DEVELOPMENT_TEAM = FUV2GHVQ46;
				ENABLE_PREVIEWS = YES;
				GENERATE_INFOPLIST_FILE = YES;
				INFOPLIST_FILE = "Hello-SwiftUI-Info.plist";
				INFOPLIST_KEY_UIApplicationSceneManifest_Generation = YES;
				INFOPLIST_KEY_UIApplicationSupportsIndirectInputEvents = YES;
				INFOPLIST_KEY_UILaunchScreen_Generation = YES;
				INFOPLIST_KEY_UISupportedInterfaceOrientations_iPad = "UIInterfaceOrientationPortrait UIInterfaceOrientationPortraitUpsideDown UIInterfaceOrientationLandscapeLeft UIInterfaceOrientationLandscapeRight";
				INFOPLIST_KEY_UISupportedInterfaceOrientations_iPhone = "UIInterfaceOrientationPortrait UIInterfaceOrientationLandscapeLeft UIInterfaceOrientationLandscapeRight";
				LD_RUNPATH_SEARCH_PATHS = (
					"$(inherited)",
					"@executable_path/Frameworks",
				);
				MARKETING_VERSION = 1.0;
				PRODUCT_BUNDLE_IDENTIFIER = "YuGenoHui.Hello-SwiftUI";
				PRODUCT_NAME = "$(TARGET_NAME)";
				SWIFT_EMIT_LOC_STRINGS = YES;
				SWIFT_VERSION = 5.0;
				TARGETED_DEVICE_FAMILY = "1,2";
			};
			name = Release;
		};
		B6BB482E27BF521E003D96F9 /* Debug */ = {
			isa = XCBuildConfiguration;
			buildSettings = {
				ALWAYS_EMBED_SWIFT_STANDARD_LIBRARIES = YES;
				BUNDLE_LOADER = "$(TEST_HOST)";
				CODE_SIGN_STYLE = Automatic;
				CURRENT_PROJECT_VERSION = 1;
				DEVELOPMENT_TEAM = FUV2GHVQ46;
				GENERATE_INFOPLIST_FILE = YES;
				IPHONEOS_DEPLOYMENT_TARGET = 15.2;
				MARKETING_VERSION = 1.0;
				PRODUCT_BUNDLE_IDENTIFIER = "YuGenoHui.Hello-SwiftUITests";
				PRODUCT_NAME = "$(TARGET_NAME)";
				SWIFT_EMIT_LOC_STRINGS = NO;
				SWIFT_VERSION = 5.0;
				TARGETED_DEVICE_FAMILY = "1,2";
				TEST_HOST = "$(BUILT_PRODUCTS_DIR)/Hello_SwiftUI.app/Hello_SwiftUI";
			};
			name = Debug;
		};
		B6BB482F27BF521E003D96F9 /* Release */ = {
			isa = XCBuildConfiguration;
			buildSettings = {
				ALWAYS_EMBED_SWIFT_STANDARD_LIBRARIES = YES;
				BUNDLE_LOADER = "$(TEST_HOST)";
				CODE_SIGN_STYLE = Automatic;
				CURRENT_PROJECT_VERSION = 1;
				DEVELOPMENT_TEAM = FUV2GHVQ46;
				GENERATE_INFOPLIST_FILE = YES;
				IPHONEOS_DEPLOYMENT_TARGET = 15.2;
				MARKETING_VERSION = 1.0;
				PRODUCT_BUNDLE_IDENTIFIER = "YuGenoHui.Hello-SwiftUITests";
				PRODUCT_NAME = "$(TARGET_NAME)";
				SWIFT_EMIT_LOC_STRINGS = NO;
				SWIFT_VERSION = 5.0;
				TARGETED_DEVICE_FAMILY = "1,2";
				TEST_HOST = "$(BUILT_PRODUCTS_DIR)/Hello_SwiftUI.app/Hello_SwiftUI";
			};
			name = Release;
		};
		B6BB483127BF521E003D96F9 /* Debug */ = {
			isa = XCBuildConfiguration;
			buildSettings = {
				ALWAYS_EMBED_SWIFT_STANDARD_LIBRARIES = YES;
				CODE_SIGN_STYLE = Automatic;
				CURRENT_PROJECT_VERSION = 1;
				DEVELOPMENT_TEAM = FUV2GHVQ46;
				GENERATE_INFOPLIST_FILE = YES;
				MARKETING_VERSION = 1.0;
				PRODUCT_BUNDLE_IDENTIFIER = "YuGenoHui.Hello-SwiftUIUITests";
				PRODUCT_NAME = "$(TARGET_NAME)";
				SWIFT_EMIT_LOC_STRINGS = NO;
				SWIFT_VERSION = 5.0;
				TARGETED_DEVICE_FAMILY = "1,2";
				TEST_TARGET_NAME = Hello_SwiftUI;
			};
			name = Debug;
		};
		B6BB483227BF521E003D96F9 /* Release */ = {
			isa = XCBuildConfiguration;
			buildSettings = {
				ALWAYS_EMBED_SWIFT_STANDARD_LIBRARIES = YES;
				CODE_SIGN_STYLE = Automatic;
				CURRENT_PROJECT_VERSION = 1;
				DEVELOPMENT_TEAM = FUV2GHVQ46;
				GENERATE_INFOPLIST_FILE = YES;
				MARKETING_VERSION = 1.0;
				PRODUCT_BUNDLE_IDENTIFIER = "YuGenoHui.Hello-SwiftUIUITests";
				PRODUCT_NAME = "$(TARGET_NAME)";
				SWIFT_EMIT_LOC_STRINGS = NO;
				SWIFT_VERSION = 5.0;
				TARGETED_DEVICE_FAMILY = "1,2";
				TEST_TARGET_NAME = Hello_SwiftUI;
			};
			name = Release;
		};
/* End XCBuildConfiguration section */

/* Begin XCConfigurationList section */
		B6BB480127BF521D003D96F9 /* Build configuration list for PBXProject "Hello_SwiftUI" */ = {
			isa = XCConfigurationList;
			buildConfigurations = (
				B6BB482827BF521E003D96F9 /* Debug */,
				B6BB482927BF521E003D96F9 /* Release */,
			);
			defaultConfigurationIsVisible = 0;
			defaultConfigurationName = Release;
		};
		B6BB482A27BF521E003D96F9 /* Build configuration list for PBXNativeTarget "Hello_SwiftUI" */ = {
			isa = XCConfigurationList;
			buildConfigurations = (
				B6BB482B27BF521E003D96F9 /* Debug */,
				B6BB482C27BF521E003D96F9 /* Release */,
			);
			defaultConfigurationIsVisible = 0;
			defaultConfigurationName = Release;
		};
		B6BB482D27BF521E003D96F9 /* Build configuration list for PBXNativeTarget "Hello_SwiftUITests" */ = {
			isa = XCConfigurationList;
			buildConfigurations = (
				B6BB482E27BF521E003D96F9 /* Debug */,
				B6BB482F27BF521E003D96F9 /* Release */,
			);
			defaultConfigurationIsVisible = 0;
			defaultConfigurationName = Release;
		};
		B6BB483027BF521E003D96F9 /* Build configuration list for PBXNativeTarget "Hello_SwiftUIUITests" */ = {
			isa = XCConfigurationList;
			buildConfigurations = (
				B6BB483127BF521E003D96F9 /* Debug */,
				B6BB483227BF521E003D96F9 /* Release */,
			);
			defaultConfigurationIsVisible = 0;
			defaultConfigurationName = Release;
		};
/* End XCConfigurationList section */
	};
	rootObject = B6BB47FE27BF521D003D96F9 /* Project object */;
}
